{
  "version": "4",
  "specifiers": {
    "npm:@playwright/test@1.51.1": "1.51.1",
    "npm:playwright@1.51.1": "1.51.1"
  },
  "npm": {
    "@playwright/test@1.51.1": {
      "integrity": "sha512-nM+kEaTSAoVlXmMPH10017vn3FSiFqr/bh4fKg9vmAdMfd9SDqRZNvPSiAHADc/itWak+qPvMPZQOPwCBW7k7Q==",
      "dependencies": [
        "playwright"
      ]
    },
    "fsevents@2.3.2": {
      "integrity": "sha512-xiqMQR4xAeHTuB9uWm+fFRcIOgKBMiOBP+eXiyT7jsgVCq1bkVygt00oASowB7EdtpOHaaPgKt812P9ab+DDKA=="
    },
    "playwright-core@1.51.1": {
      "integrity": "sha512-/crRMj8+j/Nq5s8QcvegseuyeZPxpQCZb6HNk3Sos3BlZyAknRjoyJPFWkpNn8v0+P3WiwqFF8P+zQo4eqiNuw=="
    },
    "playwright@1.51.1": {
      "integrity": "sha512-kkx+MB2KQRkyxjYPc3a0wLZZoDczmppyGJIvQ43l+aZihkaVvmu/21kiyaHeHjiFxjxNNFnUncKmcGIyOojsaw==",
      "dependencies": [
        "fsevents",
        "playwright-core"
      ]
    }
  },
  "workspace": {
    "dependencies": [
      "npm:@playwright/test@1.51.1"
    ]
  }
}
